
Microsoft Visual Studio Solution File, Format Version 12.00
# Visual Studio 15
VisualStudioVersion = 15.0.28307.271
MinimumVisualStudioVersion = 10.0.40219.1
Project("{FAE04EC0-301F-11D3-BF4B-00C04F79EFBC}") = "YECUniversity", "YECUniversity\YECUniversity.csproj", "{06CDB7F0-25B5-41AC-9F05-883A6117FEC5}"
EndProject
Global
	GlobalSection(SolutionConfigurationPlatforms) = preSolution
		Debug|Any CPU = Debug|Any CPU
		Release|Any CPU = Release|Any CPU
	EndGlobalSection
	GlobalSection(ProjectConfigurationPlatforms) = postSolution
		{06CDB7F0-25B5-41AC-9F05-883A6117FEC5}.Debug|Any CPU.ActiveCfg = Debug|Any CPU
		{06CDB7F0-25B5-41AC-9F05-883A6117FEC5}.Debug|Any CPU.Build.0 = Debug|Any CPU
		{06CDB7F0-25B5-41AC-9F05-883A6117FEC5}.Release|Any CPU.ActiveCfg = Release|Any CPU
		{06CDB7F0-25B5-41AC-9F05-883A6117FEC5}.Release|Any CPU.Build.0 = Release|Any CPU
	EndGlobalSection
	GlobalSection(SolutionProperties) = preSolution
		HideSolutionNode = FALSE
	EndGlobalSection
	GlobalSection(ExtensibilityGlobals) = postSolution
		SolutionGuid = {14434A44-4880-40F3-A721-8444FB24B371}
	EndGlobalSection
EndGlobal
